
Microsoft Visual Studio Solution File, Format Version 12.00
Project("{FAE04EC0-301F-11D3-BF4B-00C04F79EFBC}") = "ProGloveExtension", "ProGloveExtension\ProGloveExtension.csproj", "{EF1AACAB-BBE9-462E-9726-887F96CD7926}"
EndProject
Project("{FAE04EC0-301F-11D3-BF4B-00C04F79EFBC}") = "ProGlove", "ProGlove\ProGlove.csproj", "{16A515C3-7C19-49E8-8E8F-0C2C3F76341D}"
EndProject
Global
	GlobalSection(SolutionConfigurationPlatforms) = preSolution
		Debug|Any CPU = Debug|Any CPU
		Release|Any CPU = Release|Any CPU
	EndGlobalSection
	GlobalSection(ProjectConfigurationPlatforms) = postSolution
		{EF1AACAB-BBE9-462E-9726-887F96CD7926}.Debug|Any CPU.ActiveCfg = Debug|Any CPU
		{EF1AACAB-BBE9-462E-9726-887F96CD7926}.Debug|Any CPU.Build.0 = Debug|Any CPU
		{EF1AACAB-BBE9-462E-9726-887F96CD7926}.Release|Any CPU.ActiveCfg = Release|Any CPU
		{EF1AACAB-BBE9-462E-9726-887F96CD7926}.Release|Any CPU.Build.0 = Release|Any CPU
		{16A515C3-7C19-49E8-8E8F-0C2C3F76341D}.Debug|Any CPU.ActiveCfg = Debug|Any CPU
		{16A515C3-7C19-49E8-8E8F-0C2C3F76341D}.Debug|Any CPU.Build.0 = Debug|Any CPU
		{16A515C3-7C19-49E8-8E8F-0C2C3F76341D}.Release|Any CPU.ActiveCfg = Release|Any CPU
		{16A515C3-7C19-49E8-8E8F-0C2C3F76341D}.Release|Any CPU.Build.0 = Release|Any CPU
	EndGlobalSection
EndGlobal
