
Microsoft Visual Studio Solution File, Format Version 12.00
Project("{FAE04EC0-301F-11D3-BF4B-00C04F79EFBC}") = "SerialBarcodeScanner", "SerialBarcodeScanner\SerialBarcodeScanner.csproj", "{BA331820-B3DD-41AE-BC72-7AA1E440A2FB}"
EndProject
Global
	GlobalSection(SolutionConfigurationPlatforms) = preSolution
		Debug|Any CPU = Debug|Any CPU
		Release|Any CPU = Release|Any CPU
	EndGlobalSection
	GlobalSection(ProjectConfigurationPlatforms) = postSolution
		{BA331820-B3DD-41AE-BC72-7AA1E440A2FB}.Debug|Any CPU.ActiveCfg = Debug|Any CPU
		{BA331820-B3DD-41AE-BC72-7AA1E440A2FB}.Debug|Any CPU.Build.0 = Debug|Any CPU
		{BA331820-B3DD-41AE-BC72-7AA1E440A2FB}.Release|Any CPU.ActiveCfg = Release|Any CPU
		{BA331820-B3DD-41AE-BC72-7AA1E440A2FB}.Release|Any CPU.Build.0 = Release|Any CPU
	EndGlobalSection
EndGlobal
