Microsoft Visual Studio Solution File, Format Version 12.00
# Visual Studio Version 17
VisualStudioVersion = 17.5.2.0
MinimumVisualStudioVersion = 10.0.40219.1
Project("{FAE04EC0-301F-11D3-BF4B-00C04F79EFBC}") = "BacNetExtension", "BacNetExtension.csproj", "{C64FEF61-0BA4-A6C1-A797-B4C6F469BCB3}"
EndProject
Global
	GlobalSection(SolutionConfigurationPlatforms) = preSolution
		Debug|Any CPU = Debug|Any CPU
		Release|Any CPU = Release|Any CPU
	EndGlobalSection
	GlobalSection(ProjectConfigurationPlatforms) = postSolution
		{C64FEF61-0BA4-A6C1-A797-B4C6F469BCB3}.Debug|Any CPU.ActiveCfg = Debug|Any CPU
		{C64FEF61-0BA4-A6C1-A797-B4C6F469BCB3}.Debug|Any CPU.Build.0 = Debug|Any CPU
		{C64FEF61-0BA4-A6C1-A797-B4C6F469BCB3}.Release|Any CPU.ActiveCfg = Release|Any CPU
		{C64FEF61-0BA4-A6C1-A797-B4C6F469BCB3}.Release|Any CPU.Build.0 = Release|Any CPU
	EndGlobalSection
	GlobalSection(SolutionProperties) = preSolution
		HideSolutionNode = FALSE
	EndGlobalSection
	GlobalSection(ExtensibilityGlobals) = postSolution
		SolutionGuid = {91592217-C7F1-4EF4-8F34-75A36B087CE1}
	EndGlobalSection
EndGlobal
