
Microsoft Visual Studio Solution File, Format Version 12.00
# Visual Studio Version 17
VisualStudioVersion = 17.11.35222.181
MinimumVisualStudioVersion = 10.0.40219.1
Project("{FAE04EC0-301F-11D3-BF4B-00C04F79EFBC}") = "ProGloveExtension", "ProGloveExtension\ProGloveExtension.csproj", "{2A1DD245-23AD-4F39-8C3F-4CA8DF50F3C5}"
EndProject
Project("{FAE04EC0-301F-11D3-BF4B-00C04F79EFBC}") = "ProGlove", "ProGlove\ProGlove.csproj", "{DE690C32-F7E9-468F-9511-A63526D6D26B}"
EndProject
Global
	GlobalSection(SolutionConfigurationPlatforms) = preSolution
		Debug|Any CPU = Debug|Any CPU
		Release|Any CPU = Release|Any CPU
	EndGlobalSection
	GlobalSection(ProjectConfigurationPlatforms) = postSolution
		{2A1DD245-23AD-4F39-8C3F-4CA8DF50F3C5}.Debug|Any CPU.ActiveCfg = Debug|Any CPU
		{2A1DD245-23AD-4F39-8C3F-4CA8DF50F3C5}.Debug|Any CPU.Build.0 = Debug|Any CPU
		{2A1DD245-23AD-4F39-8C3F-4CA8DF50F3C5}.Release|Any CPU.ActiveCfg = Release|Any CPU
		{2A1DD245-23AD-4F39-8C3F-4CA8DF50F3C5}.Release|Any CPU.Build.0 = Release|Any CPU
		{DE690C32-F7E9-468F-9511-A63526D6D26B}.Debug|Any CPU.ActiveCfg = Debug|Any CPU
		{DE690C32-F7E9-468F-9511-A63526D6D26B}.Debug|Any CPU.Build.0 = Debug|Any CPU
		{DE690C32-F7E9-468F-9511-A63526D6D26B}.Release|Any CPU.ActiveCfg = Release|Any CPU
		{DE690C32-F7E9-468F-9511-A63526D6D26B}.Release|Any CPU.Build.0 = Release|Any CPU
	EndGlobalSection
	GlobalSection(SolutionProperties) = preSolution
		HideSolutionNode = FALSE
	EndGlobalSection
	GlobalSection(ExtensibilityGlobals) = postSolution
		SolutionGuid = {AEA8EFDF-4148-4BBA-98AF-82EF40F7B911}
	EndGlobalSection
EndGlobal
