
Microsoft Visual Studio Solution File, Format Version 12.00
# Visual Studio Version 17
VisualStudioVersion = 17.14.36603.0 d17.14
MinimumVisualStudioVersion = 10.0.40219.1
Project("{FAE04EC0-301F-11D3-BF4B-00C04F79EFBC}") = "GettKeyConfigExtension", "GettKeyConfigExtension.csproj", "{E2427032-FA51-4089-9A31-C25B364F4FDB}"
EndProject
Global
	GlobalSection(SolutionConfigurationPlatforms) = preSolution
		Debug|Any CPU = Debug|Any CPU
		Release|Any CPU = Release|Any CPU
	EndGlobalSection
	GlobalSection(ProjectConfigurationPlatforms) = postSolution
		{E2427032-FA51-4089-9A31-C25B364F4FDB}.Debug|Any CPU.ActiveCfg = Debug|Any CPU
		{E2427032-FA51-4089-9A31-C25B364F4FDB}.Debug|Any CPU.Build.0 = Debug|Any CPU
		{E2427032-FA51-4089-9A31-C25B364F4FDB}.Release|Any CPU.ActiveCfg = Release|Any CPU
		{E2427032-FA51-4089-9A31-C25B364F4FDB}.Release|Any CPU.Build.0 = Release|Any CPU
	EndGlobalSection
	GlobalSection(SolutionProperties) = preSolution
		HideSolutionNode = FALSE
	EndGlobalSection
	GlobalSection(ExtensibilityGlobals) = postSolution
		SolutionGuid = {007DCF49-3B4C-45EF-832A-E7FC5D9D9B76}
	EndGlobalSection
EndGlobal
