
Microsoft Visual Studio Solution File, Format Version 12.00
# Visual Studio Version 17
VisualStudioVersion = 17.11.35222.181
MinimumVisualStudioVersion = 10.0.40219.1
Project("{FAE04EC0-301F-11D3-BF4B-00C04F79EFBC}") = "CheckMkExtension", "ServerExtension\CheckMkExtension.csproj", "{A9D2510E-DFEA-4954-995A-969612030FD4}"
EndProject
Global
	GlobalSection(SolutionConfigurationPlatforms) = preSolution
		Debug|Any CPU = Debug|Any CPU
		Release|Any CPU = Release|Any CPU
	EndGlobalSection
	GlobalSection(ProjectConfigurationPlatforms) = postSolution
		{A9D2510E-DFEA-4954-995A-969612030FD4}.Debug|Any CPU.ActiveCfg = Debug|Any CPU
		{A9D2510E-DFEA-4954-995A-969612030FD4}.Debug|Any CPU.Build.0 = Debug|Any CPU
		{A9D2510E-DFEA-4954-995A-969612030FD4}.Release|Any CPU.ActiveCfg = Release|Any CPU
		{A9D2510E-DFEA-4954-995A-969612030FD4}.Release|Any CPU.Build.0 = Release|Any CPU
	EndGlobalSection
	GlobalSection(SolutionProperties) = preSolution
		HideSolutionNode = FALSE
	EndGlobalSection
	GlobalSection(ExtensibilityGlobals) = postSolution
		SolutionGuid = {8C131B91-B4D0-4B5F-BD21-21711131DB87}
	EndGlobalSection
EndGlobal
