
Microsoft Visual Studio Solution File, Format Version 12.00
# Visual Studio Version 17
VisualStudioVersion = 17.11.35222.181
MinimumVisualStudioVersion = 10.0.40219.1
Project("{FAE04EC0-301F-11D3-BF4B-00C04F79EFBC}") = "HubSpot", "HubSpot\HubSpot.csproj", "{32C98FF1-D3D5-41B9-B24F-D16D300C054D}"
EndProject
Global
	GlobalSection(SolutionConfigurationPlatforms) = preSolution
		Debug|Any CPU = Debug|Any CPU
		Release|Any CPU = Release|Any CPU
	EndGlobalSection
	GlobalSection(ProjectConfigurationPlatforms) = postSolution
		{32C98FF1-D3D5-41B9-B24F-D16D300C054D}.Debug|Any CPU.ActiveCfg = Debug|Any CPU
		{32C98FF1-D3D5-41B9-B24F-D16D300C054D}.Debug|Any CPU.Build.0 = Debug|Any CPU
		{32C98FF1-D3D5-41B9-B24F-D16D300C054D}.Release|Any CPU.ActiveCfg = Release|Any CPU
		{32C98FF1-D3D5-41B9-B24F-D16D300C054D}.Release|Any CPU.Build.0 = Release|Any CPU
	EndGlobalSection
	GlobalSection(SolutionProperties) = preSolution
		HideSolutionNode = FALSE
	EndGlobalSection
	GlobalSection(ExtensibilityGlobals) = postSolution
		SolutionGuid = {695A03DC-B969-4944-889B-253612D8CF25}
	EndGlobalSection
EndGlobal
