
Microsoft Visual Studio Solution File, Format Version 12.00
# Visual Studio Version 17
VisualStudioVersion = 17.3.32825.248
MinimumVisualStudioVersion = 10.0.40219.1
Project("{FAE04EC0-301F-11D3-BF4B-00C04F79EFBC}") = "GPT", "GPTExtension\GPT.csproj", "{202D96C0-2979-4446-A542-A8AD8D239742}"
EndProject
Global
	GlobalSection(SolutionConfigurationPlatforms) = preSolution
		Debug|Any CPU = Debug|Any CPU
		Release|Any CPU = Release|Any CPU
	EndGlobalSection
	GlobalSection(ProjectConfigurationPlatforms) = postSolution
		{202D96C0-2979-4446-A542-A8AD8D239742}.Debug|Any CPU.ActiveCfg = Debug|Any CPU
		{202D96C0-2979-4446-A542-A8AD8D239742}.Debug|Any CPU.Build.0 = Debug|Any CPU
		{202D96C0-2979-4446-A542-A8AD8D239742}.Release|Any CPU.ActiveCfg = Release|Any CPU
		{202D96C0-2979-4446-A542-A8AD8D239742}.Release|Any CPU.Build.0 = Release|Any CPU
	EndGlobalSection
	GlobalSection(SolutionProperties) = preSolution
		HideSolutionNode = FALSE
	EndGlobalSection
	GlobalSection(ExtensibilityGlobals) = postSolution
		SolutionGuid = {64949501-9AF3-4B30-9B34-C10DF3EE1401}
	EndGlobalSection
EndGlobal
