
Microsoft Visual Studio Solution File, Format Version 12.00
# Visual Studio Version 17
VisualStudioVersion = 17.13.36105.23 d17.13
MinimumVisualStudioVersion = 10.0.40219.1
Project("{FAE04EC0-301F-11D3-BF4B-00C04F79EFBC}") = "MySQL", "MySQL\MySQL.csproj", "{C143C0B4-9CFF-4DE2-8574-5B96AF16ACA2}"
EndProject
Global
	GlobalSection(SolutionConfigurationPlatforms) = preSolution
		Debug|x64 = Debug|x64
		Release|x64 = Release|x64
	EndGlobalSection
	GlobalSection(ProjectConfigurationPlatforms) = postSolution
		{C143C0B4-9CFF-4DE2-8574-5B96AF16ACA2}.Debug|x64.ActiveCfg = Debug|x64
		{C143C0B4-9CFF-4DE2-8574-5B96AF16ACA2}.Debug|x64.Build.0 = Debug|x64
		{C143C0B4-9CFF-4DE2-8574-5B96AF16ACA2}.Release|x64.ActiveCfg = Release|x64
		{C143C0B4-9CFF-4DE2-8574-5B96AF16ACA2}.Release|x64.Build.0 = Release|x64
	EndGlobalSection
	GlobalSection(SolutionProperties) = preSolution
		HideSolutionNode = FALSE
	EndGlobalSection
	GlobalSection(ExtensibilityGlobals) = postSolution
		SolutionGuid = {2C801E05-60BF-4C02-9CFE-08C4144867A7}
	EndGlobalSection
EndGlobal
