Microsoft Visual Studio Solution File, Format Version 12.00
# Visual Studio Version 17
VisualStudioVersion = 17.5.2.0
MinimumVisualStudioVersion = 10.0.40219.1
Project("{FAE04EC0-301F-11D3-BF4B-00C04F79EFBC}") = "WheelMe", "WheelMe.csproj", "{A8E5A824-A10C-BD0C-4F7A-A11BB9F42CBF}"
EndProject
Global
	GlobalSection(SolutionConfigurationPlatforms) = preSolution
		Debug|Any CPU = Debug|Any CPU
		Release|Any CPU = Release|Any CPU
	EndGlobalSection
	GlobalSection(ProjectConfigurationPlatforms) = postSolution
		{A8E5A824-A10C-BD0C-4F7A-A11BB9F42CBF}.Debug|Any CPU.ActiveCfg = Debug|Any CPU
		{A8E5A824-A10C-BD0C-4F7A-A11BB9F42CBF}.Debug|Any CPU.Build.0 = Debug|Any CPU
		{A8E5A824-A10C-BD0C-4F7A-A11BB9F42CBF}.Release|Any CPU.ActiveCfg = Release|Any CPU
		{A8E5A824-A10C-BD0C-4F7A-A11BB9F42CBF}.Release|Any CPU.Build.0 = Release|Any CPU
	EndGlobalSection
	GlobalSection(SolutionProperties) = preSolution
		HideSolutionNode = FALSE
	EndGlobalSection
	GlobalSection(ExtensibilityGlobals) = postSolution
		SolutionGuid = {C861032D-FCE7-45E8-9B8D-6ED0E40E93F4}
	EndGlobalSection
EndGlobal
