
Microsoft Visual Studio Solution File, Format Version 12.00
Project("{FAE04EC0-301F-11D3-BF4B-00C04F79EFBC}") = "Smartsheet", "Smartsheet\Smartsheet.csproj", "{90393B6C-8E3B-44FA-BA13-2DC1A4F6DE89}"
EndProject
Global
	GlobalSection(SolutionConfigurationPlatforms) = preSolution
		Debug|Any CPU = Debug|Any CPU
		Release|Any CPU = Release|Any CPU
	EndGlobalSection
	GlobalSection(ProjectConfigurationPlatforms) = postSolution
		{90393B6C-8E3B-44FA-BA13-2DC1A4F6DE89}.Debug|Any CPU.ActiveCfg = Debug|Any CPU
		{90393B6C-8E3B-44FA-BA13-2DC1A4F6DE89}.Debug|Any CPU.Build.0 = Debug|Any CPU
		{90393B6C-8E3B-44FA-BA13-2DC1A4F6DE89}.Release|Any CPU.ActiveCfg = Release|Any CPU
		{90393B6C-8E3B-44FA-BA13-2DC1A4F6DE89}.Release|Any CPU.Build.0 = Release|Any CPU
	EndGlobalSection
EndGlobal
