
Microsoft Visual Studio Solution File, Format Version 12.00
# Visual Studio Version 16
VisualStudioVersion = 16.0.30907.101
MinimumVisualStudioVersion = 10.0.40219.1
Project("{FAE04EC0-301F-11D3-BF4B-00C04F79EFBC}") = "PeakboardExtensionWerma", "PeakboardExtensionWerma\PeakboardExtensionWerma.csproj", "{02309FB9-BB65-46B8-A495-36541B543B5F}"
EndProject
Project("{FAE04EC0-301F-11D3-BF4B-00C04F79EFBC}") = "WermaTestConsole", "WermaTestConsole\WermaTestConsole.csproj", "{777B7CDF-D842-48A0-BB11-FBBBEE0DA44F}"
EndProject
Global
	GlobalSection(SolutionConfigurationPlatforms) = preSolution
		Debug|Any CPU = Debug|Any CPU
		Release|Any CPU = Release|Any CPU
	EndGlobalSection
	GlobalSection(ProjectConfigurationPlatforms) = postSolution
		{02309FB9-BB65-46B8-A495-36541B543B5F}.Debug|Any CPU.ActiveCfg = Debug|Any CPU
		{02309FB9-BB65-46B8-A495-36541B543B5F}.Debug|Any CPU.Build.0 = Debug|Any CPU
		{02309FB9-BB65-46B8-A495-36541B543B5F}.Release|Any CPU.ActiveCfg = Release|Any CPU
		{02309FB9-BB65-46B8-A495-36541B543B5F}.Release|Any CPU.Build.0 = Release|Any CPU
		{777B7CDF-D842-48A0-BB11-FBBBEE0DA44F}.Debug|Any CPU.ActiveCfg = Debug|Any CPU
		{777B7CDF-D842-48A0-BB11-FBBBEE0DA44F}.Debug|Any CPU.Build.0 = Debug|Any CPU
		{777B7CDF-D842-48A0-BB11-FBBBEE0DA44F}.Release|Any CPU.ActiveCfg = Release|Any CPU
		{777B7CDF-D842-48A0-BB11-FBBBEE0DA44F}.Release|Any CPU.Build.0 = Release|Any CPU
	EndGlobalSection
	GlobalSection(SolutionProperties) = preSolution
		HideSolutionNode = FALSE
	EndGlobalSection
	GlobalSection(ExtensibilityGlobals) = postSolution
		SolutionGuid = {FC5DC27B-C844-42FE-A551-8F59CD6F3511}
	EndGlobalSection
EndGlobal
